
Microsoft Visual Studio Solution File, Format Version 12.00
# Visual Studio 15
Project("{FAE04EC0-301F-11D3-BF4B-00C04F79EFBC}") = "Unity.RenderPipelines.HighDefinition.Config.Runtime", "Unity.RenderPipelines.HighDefinition.Config.Runtime.csproj", "{178E1580-AED0-0736-D59B-13BAC9FCA747}"
EndProject
Project("{FAE04EC0-301F-11D3-BF4B-00C04F79EFBC}") = "Assembly-CSharp", "Assembly-CSharp.csproj", "{13FDBD13-55FF-C660-57E4-ADEE5D565C53}"
EndProject
Project("{FAE04EC0-301F-11D3-BF4B-00C04F79EFBC}") = "Assembly-CSharp-Editor", "Assembly-CSharp-Editor.csproj", "{C77C2C43-F8A6-CACE-0603-CBE6D78D36FE}"
EndProject
Global
	GlobalSection(SolutionConfigurationPlatforms) = preSolution
		Debug|Any CPU = Debug|Any CPU
		Release|Any CPU = Release|Any CPU
	EndGlobalSection
	GlobalSection(ProjectConfigurationPlatforms) = postSolution
		{178E1580-AED0-0736-D59B-13BAC9FCA747}.Debug|Any CPU.ActiveCfg = Debug|Any CPU
		{178E1580-AED0-0736-D59B-13BAC9FCA747}.Debug|Any CPU.Build.0 = Debug|Any CPU
		{178E1580-AED0-0736-D59B-13BAC9FCA747}.Release|Any CPU.ActiveCfg = Release|Any CPU
		{178E1580-AED0-0736-D59B-13BAC9FCA747}.Release|Any CPU.Build.0 = Release|Any CPU
		{13FDBD13-55FF-C660-57E4-ADEE5D565C53}.Debug|Any CPU.ActiveCfg = Debug|Any CPU
		{13FDBD13-55FF-C660-57E4-ADEE5D565C53}.Debug|Any CPU.Build.0 = Debug|Any CPU
		{13FDBD13-55FF-C660-57E4-ADEE5D565C53}.Release|Any CPU.ActiveCfg = Release|Any CPU
		{13FDBD13-55FF-C660-57E4-ADEE5D565C53}.Release|Any CPU.Build.0 = Release|Any CPU
		{C77C2C43-F8A6-CACE-0603-CBE6D78D36FE}.Debug|Any CPU.ActiveCfg = Debug|Any CPU
		{C77C2C43-F8A6-CACE-0603-CBE6D78D36FE}.Debug|Any CPU.Build.0 = Debug|Any CPU
		{C77C2C43-F8A6-CACE-0603-CBE6D78D36FE}.Release|Any CPU.ActiveCfg = Release|Any CPU
		{C77C2C43-F8A6-CACE-0603-CBE6D78D36FE}.Release|Any CPU.Build.0 = Release|Any CPU
	EndGlobalSection
	GlobalSection(SolutionProperties) = preSolution
		HideSolutionNode = FALSE
	EndGlobalSection
EndGlobal
